
Microsoft Visual Studio Solution File, Format Version 12.00
# Visual Studio Version 16
VisualStudioVersion = 16.0.29201.188
MinimumVisualStudioVersion = 10.0.40219.1
Project("{FAE04EC0-301F-11D3-BF4B-00C04F79EFBC}") = "LongestPalindromicSubstring.Domain", "LongestPalindromicSubstring.Domain\LongestPalindromicSubstring.Domain.csproj", "{B30CCFF6-0302-4AB0-8B8B-A87D925F834F}"
EndProject
Project("{FAE04EC0-301F-11D3-BF4B-00C04F79EFBC}") = "LongestPalindromicSubstring.Tests", "LongestPalindromicSubstring.Tests\LongestPalindromicSubstring.Tests.csproj", "{EC56BDD7-64A5-4644-A646-F3E2C68DD3F9}"
EndProject
Global
	GlobalSection(SolutionConfigurationPlatforms) = preSolution
		Debug|Any CPU = Debug|Any CPU
		Release|Any CPU = Release|Any CPU
	EndGlobalSection
	GlobalSection(ProjectConfigurationPlatforms) = postSolution
		{B30CCFF6-0302-4AB0-8B8B-A87D925F834F}.Debug|Any CPU.ActiveCfg = Debug|Any CPU
		{B30CCFF6-0302-4AB0-8B8B-A87D925F834F}.Debug|Any CPU.Build.0 = Debug|Any CPU
		{B30CCFF6-0302-4AB0-8B8B-A87D925F834F}.Release|Any CPU.ActiveCfg = Release|Any CPU
		{B30CCFF6-0302-4AB0-8B8B-A87D925F834F}.Release|Any CPU.Build.0 = Release|Any CPU
		{EC56BDD7-64A5-4644-A646-F3E2C68DD3F9}.Debug|Any CPU.ActiveCfg = Debug|Any CPU
		{EC56BDD7-64A5-4644-A646-F3E2C68DD3F9}.Debug|Any CPU.Build.0 = Debug|Any CPU
		{EC56BDD7-64A5-4644-A646-F3E2C68DD3F9}.Release|Any CPU.ActiveCfg = Release|Any CPU
		{EC56BDD7-64A5-4644-A646-F3E2C68DD3F9}.Release|Any CPU.Build.0 = Release|Any CPU
	EndGlobalSection
	GlobalSection(SolutionProperties) = preSolution
		HideSolutionNode = FALSE
	EndGlobalSection
	GlobalSection(ExtensibilityGlobals) = postSolution
		SolutionGuid = {A173C07A-DA49-4202-806E-9019CD7920A6}
	EndGlobalSection
EndGlobal
